lockfileVersion: '9.0'

settings:
  autoInstallPeers: true
  excludeLinksFromLockfile: false

overrides:
  '@discordjs/util': dev

importers:

  .:
    devDependencies:
      '@biomejs/biome':
        specifier: ^1.7.2
        version: 1.7.2
      lefthook:
        specifier: ^1.6.10
        version: 1.6.10
      typescript:
        specifier: ^5.4.5
        version: 5.4.5

  packages/cache:
    devDependencies:
      '@discordjs/ws':
        specifier: ^1.0.2
        version: 1.0.2(bufferutil@4.0.8)
      '@types/node':
        specifier: ^20.12.8
        version: 20.12.8
      ioredis:
        specifier: ^5.4.1
        version: 5.4.1

  packages/core:
    dependencies:
      ioredis:
        specifier: ^5.4.1
        version: 5.4.1
      zod:
        specifier: ^3.23.6
        version: 3.23.6
    devDependencies:
      '@types/node':
        specifier: ^20.12.8
        version: 20.12.8

  packages/gateway:
    dependencies:
      '@discordjs/brokers':
        specifier: ^0.2.2
        version: 0.2.2
      '@discordjs/rest':
        specifier: ^2.2.0
        version: 2.2.0
      '@discordjs/ws':
        specifier: dev
        version: 1.1.0-dev.1714781378-728164ed8(bufferutil@4.0.8)
      bufferutil:
        specifier: ^4.0.8
        version: 4.0.8
      cache:
        specifier: workspace:*
        version: link:../cache
      core:
        specifier: workspace:*
        version: link:../core
      discord-api-types:
        specifier: ^0.37.83
        version: 0.37.83
      log:
        specifier: workspace:*
        version: link:../log
      metrics:
        specifier: workspace:*
        version: link:../metrics
      prom-client:
        specifier: ^15.1.2
        version: 15.1.2
    devDependencies:
      '@types/node':
        specifier: ^20.12.8
        version: 20.12.8
      ioredis:
        specifier: ^5.4.1
        version: 5.4.1

  packages/handler:
    dependencies:
      '@discordjs/brokers':
        specifier: ^0.2.2
        version: 0.2.2
      '@discordjs/core':
        specifier: ^1.1.1
        version: 1.1.1(bufferutil@4.0.8)
      '@discordjs/rest':
        specifier: ^2.2.0
        version: 2.2.0
      core:
        specifier: workspace:*
        version: link:../core
      log:
        specifier: workspace:*
        version: link:../log
      metrics:
        specifier: workspace:*
        version: link:../metrics
    devDependencies:
      '@types/node':
        specifier: ^20.12.8
        version: 20.12.8
      discord-api-types:
        specifier: ^0.37.83
        version: 0.37.83
      ioredis:
        specifier: ^5.4.1
        version: 5.4.1

  packages/log:
    dependencies:
      chalk:
        specifier: ^5.3.0
        version: 5.3.0
      core:
        specifier: workspace:*
        version: link:../core
    devDependencies:
      '@types/node':
        specifier: ^20.12.8
        version: 20.12.8

  packages/metrics:
    dependencies:
      core:
        specifier: workspace:*
        version: link:../core
      prom-client:
        specifier: ^15.1.2
        version: 15.1.2
    devDependencies:
      '@types/node':
        specifier: ^20.12.8
        version: 20.12.8

packages:

  '@biomejs/biome@1.7.2':
    resolution: {integrity: sha512-6Skx9N47inLQzYi9RKgJ7PBnUnaHnMe/imqX43cOcJjZtfMnQLxEvfM2Eyo7gChkwrZlwc+VbA4huFRjw2fsYA==}
    engines: {node: '>=14.21.3'}
    hasBin: true

  '@biomejs/cli-darwin-arm64@1.7.2':
    resolution: {integrity: sha512-CrldIueHivWEWmeTkK8bTXajeX53F8i2Rrkkt8cPZyMtzkrwxf8Riq4a/jz3SQBHkxHFT4TqGbSTNMXe3X1ogA==}
    engines: {node: '>=14.21.3'}
    cpu: [arm64]
    os: [darwin]

  '@biomejs/cli-darwin-x64@1.7.2':
    resolution: {integrity: sha512-UELnLJuJOsTL9meArvn8BtiXDURyPil2Ej9me2uVpEvee8UQdqd/bssP5we400OWShlL1AAML4fn6d2WX5332g==}
    engines: {node: '>=14.21.3'}
    cpu: [x64]
    os: [darwin]

  '@biomejs/cli-linux-arm64-musl@1.7.2':
    resolution: {integrity: sha512-kKYZiem7Sj7wI0dpVxJlK7C+TFQwzO/ctufIGXGJAyEmUe9vEKSzV8CXpv+JIRiTWyqaZJ4K+eHz4SPdPCv05w==}
    engines: {node: '>=14.21.3'}
    cpu: [arm64]
    os: [linux]

  '@biomejs/cli-linux-arm64@1.7.2':
    resolution: {integrity: sha512-Z1CSGQE6fHz55gkiFHv9E8wEAaSUd7dHSRaxSCBa7utonHqpIeMbvj3Evm1w0WfGLFDtRXLV1fTfEdM0FMTOhA==}
    engines: {node: '>=14.21.3'}
    cpu: [arm64]
    os: [linux]

  '@biomejs/cli-linux-x64-musl@1.7.2':
    resolution: {integrity: sha512-x10LpGMepDrLS+h2TZ6/T7egpHjGKtiI4GuShNylmBQJWfTotbFf9eseHggrqJ4WZf9yrGoVYrtbxXftuB95sQ==}
    engines: {node: '>=14.21.3'}
    cpu: [x64]
    os: [linux]

  '@biomejs/cli-linux-x64@1.7.2':
    resolution: {integrity: sha512-vXXyox8/CQijBxAu0+r8FfSO7JlC4tob3PbaFda8gPJFRz2uFJw39HtxVUwbTV1EcU6wSPh4SiRu5sZfP1VHrQ==}
    engines: {node: '>=14.21.3'}
    cpu: [x64]
    os: [linux]

  '@biomejs/cli-win32-arm64@1.7.2':
    resolution: {integrity: sha512-kRXdlKzcU7INf6/ldu0nVmkOgt7bKqmyXRRCUqqaJfA32+9InTbkD8tGrHZEVYIWr+eTuKcg16qZVDsPSDFZ8g==}
    engines: {node: '>=14.21.3'}
    cpu: [arm64]
    os: [win32]

  '@biomejs/cli-win32-x64@1.7.2':
    resolution: {integrity: sha512-qHTtpAs+CNglAAuaTy09htoqUhrQyd3nd0aGTuLNqD10h1llMVi8WFZfoa+e5MuDSfYtMK6nW2Tbf6WgzzR1Qw==}
    engines: {node: '>=14.21.3'}
    cpu: [x64]
    os: [win32]

  '@discordjs/brokers@0.2.2':
    resolution: {integrity: sha512-iTU6oP945kYUZYwlIKkntrIehkHruNmE2hztXg3SZqAwBa1kQXxXNQA+EI2ShUcgXyqe/9azVVrIgAXUaZjzeQ==}
    engines: {node: '>=16.11.0'}

  '@discordjs/collection@2.0.0':
    resolution: {integrity: sha512-YTWIXLrf5FsrLMycpMM9Q6vnZoR/lN2AWX23/Cuo8uOOtS8eHB2dyQaaGnaF8aZPYnttf2bkLMcXn/j6JUOi3w==}
    engines: {node: '>=18'}

  '@discordjs/core@1.1.1':
    resolution: {integrity: sha512-3tDqc6KCAtE0CxNl5300uPzFnNsY/GAmJhc6oGutbl/la+4mRv5zVb4N68cmcaeD2Il/ySH4zIc00sq+cyhtUA==}
    engines: {node: '>=18'}

  '@discordjs/rest@2.2.0':
    resolution: {integrity: sha512-nXm9wT8oqrYFRMEqTXQx9DUTeEtXUDMmnUKIhZn6O2EeDY9VCdwj23XCPq7fkqMPKdF7ldAfeVKyxxFdbZl59A==}
    engines: {node: '>=16.11.0'}

  '@discordjs/util@1.1.0-dev.1714824206-96169add6':
    resolution: {integrity: sha512-gyr1z2lQbM9s9aMtw5Dicl6B87F00GISG08rf991E7oyP3Pmm+VvazEqdCTkokK/7I6XrHH7sea1kwyIX6+cdg==}
    engines: {node: '>=16.11.0'}

  '@discordjs/ws@1.0.2':
    resolution: {integrity: sha512-+XI82Rm2hKnFwAySXEep4A7Kfoowt6weO6381jgW+wVdTpMS/56qCvoXyFRY0slcv7c/U8My2PwIB2/wEaAh7Q==}
    engines: {node: '>=16.11.0'}

  '@discordjs/ws@1.1.0-dev.1714781378-728164ed8':
    resolution: {integrity: sha512-EZWwQa8d8TjPiMx3KgU/TNMAQFOpFPEF7m4EGtEPH0137dI1lqUthBR4IcMRVTco5uu87usBxH55fHRySXYY3g==}
    engines: {node: '>=16.11.0'}

  '@fastify/busboy@2.1.1':
    resolution: {integrity: sha512-vBZP4NlzfOlerQTnba4aqZoMhE/a9HY7HRqoOPaETQcSQuWEIyZMHGfVu6w9wGtGK5fED5qRs2DteVCjOH60sA==}
    engines: {node: '>=14'}

  '@ioredis/commands@1.2.0':
    resolution: {integrity: sha512-Sx1pU8EM64o2BrqNpEO1CNLtKQwyhuXuqyfH7oGKCk+1a33d2r5saW8zNwm3j6BTExtjrv2BxTgzzkMwts6vGg==}

  '@msgpack/msgpack@3.0.0-beta2':
    resolution: {integrity: sha512-y+l1PNV0XDyY8sM3YtuMLK5vE3/hkfId+Do8pLo/OPxfxuFAUwcGz3oiiUuV46/aBpwTzZ+mRWVMtlSKbradhw==}
    engines: {node: '>= 14'}

  '@opentelemetry/api@1.8.0':
    resolution: {integrity: sha512-I/s6F7yKUDdtMsoBWXJe8Qz40Tui5vsuKCWJEWVL+5q9sSWRzzx6v2KeNsOBEwd94j0eWkpWCH4yB6rZg9Mf0w==}
    engines: {node: '>=8.0.0'}

  '@sapphire/async-queue@1.5.2':
    resolution: {integrity: sha512-7X7FFAA4DngXUl95+hYbUF19bp1LGiffjJtu7ygrZrbdCSsdDDBaSjB7Akw0ZbOu6k0xpXyljnJ6/RZUvLfRdg==}
    engines: {node: '>=v14.0.0', npm: '>=7.0.0'}

  '@sapphire/snowflake@3.5.3':
    resolution: {integrity: sha512-jjmJywLAFoWeBi1W7994zZyiNWPIiqRRNAmSERxyg93xRGzNYvGjlZ0gR6x0F4gPRi2+0O6S71kOZYyr3cxaIQ==}
    engines: {node: '>=v14.0.0', npm: '>=7.0.0'}

  '@types/node@20.12.8':
    resolution: {integrity: sha512-NU0rJLJnshZWdE/097cdCBbyW1h4hEg0xpovcoAQYHl8dnEyp/NAOiE45pvc+Bd1Dt+2r94v2eGFpQJ4R7g+2w==}

  '@types/ws@8.5.10':
    resolution: {integrity: sha512-vmQSUcfalpIq0R9q7uTo2lXs6eGIpt9wtnLdMv9LVpIjCA/+ufZRozlVoVelIYixx1ugCBKDhn89vnsEGOCx9A==}

  '@vladfrangu/async_event_emitter@2.2.4':
    resolution: {integrity: sha512-ButUPz9E9cXMLgvAW8aLAKKJJsPu1dY1/l/E8xzLFuysowXygs6GBcyunK9rnGC4zTsnIc2mQo71rGw9U+Ykug==}
    engines: {node: '>=v14.0.0', npm: '>=7.0.0'}

  bintrees@1.0.2:
    resolution: {integrity: sha512-VOMgTMwjAaUG580SXn3LacVgjurrbMme7ZZNYGSSV7mmtY6QQRh0Eg3pwIcntQ77DErK1L0NxkbetjcoXzVwKw==}

  bufferutil@4.0.8:
    resolution: {integrity: sha512-4T53u4PdgsXqKaIctwF8ifXlRTTmEPJ8iEPWFdGZvcf7sbwYo6FKFEX9eNNAnzFZ7EzJAQ3CJeOtCRA4rDp7Pw==}
    engines: {node: '>=6.14.2'}

  chalk@5.3.0:
    resolution: {integrity: sha512-dLitG79d+GV1Nb/VYcCDFivJeK1hiukt9QjRNVOsUtTy1rR1YJsmpGGTZ3qJos+uw7WmWF4wUwBd9jxjocFC2w==}
    engines: {node: ^12.17.0 || ^14.13 || >=16.0.0}

  cluster-key-slot@1.1.2:
    resolution: {integrity: sha512-RMr0FhtfXemyinomL4hrWcYJxmX6deFdCxpJzhDttxgO1+bcCnkk+9drydLVDmAMG7NE6aN/fl4F7ucU/90gAA==}
    engines: {node: '>=0.10.0'}

  debug@4.3.4:
    resolution: {integrity: sha512-PRWFHuSU3eDtQJPvnNY7Jcket1j0t5OuOsFzPPzsekD52Zl8qUfFIPEiswXqIvHWGVHOgX+7G/vCNNhehwxfkQ==}
    engines: {node: '>=6.0'}
    peerDependencies:
      supports-color: '*'
    peerDependenciesMeta:
      supports-color:
        optional: true

  denque@2.1.0:
    resolution: {integrity: sha512-HVQE3AAb/pxF8fQAoiqpvg9i3evqug3hoiwakOyZAwJm+6vZehbkYXZ0l4JxS+I3QxM97v5aaRNhj8v5oBhekw==}
    engines: {node: '>=0.10'}

  discord-api-types@0.37.61:
    resolution: {integrity: sha512-o/dXNFfhBpYHpQFdT6FWzeO7pKc838QeeZ9d91CfVAtpr5XLK4B/zYxQbYgPdoMiTDvJfzcsLW5naXgmHGDNXw==}

  discord-api-types@0.37.83:
    resolution: {integrity: sha512-urGGYeWtWNYMKnYlZnOnDHm8fVRffQs3U0SpE8RHeiuLKb/u92APS8HoQnPTFbnXmY1vVnXjXO4dOxcAn3J+DA==}

  ioredis@5.4.1:
    resolution: {integrity: sha512-2YZsvl7jopIa1gaePkeMtd9rAcSjOOjPtpcLlOeusyO+XH2SK5ZcT+UCrElPP+WVIInh2TzeI4XW9ENaSLVVHA==}
    engines: {node: '>=12.22.0'}

  lefthook-darwin-arm64@1.6.10:
    resolution: {integrity: sha512-Hh11OkoKG7FEOByS1dcgNV7ETq45VmwBbw0VPTiBznyfOG4k+pi0fIdc1qbmbxvYqNE0r420QR/Q3bimaa4Kxg==}
    cpu: [arm64]
    os: [darwin]

  lefthook-darwin-x64@1.6.10:
    resolution: {integrity: sha512-FiOB0t5OBcQ8OnG/LSdfUYj736SJdlLjWuOZ4wTlJ7EUrHditieap6VNAxwMmFVyQN0X2ZwKWytwY35y+Hflhw==}
    cpu: [x64]
    os: [darwin]

  lefthook-freebsd-arm64@1.6.10:
    resolution: {integrity: sha512-IxGgS3RrNwk3Kr83o5SQhGxqppQi7fu2t//nsp6ocgnJeStrTtXZJOrel2VohzrFxpzQdJVXBGgUGLXtY8t8qw==}
    cpu: [arm64]
    os: [freebsd]

  lefthook-freebsd-x64@1.6.10:
    resolution: {integrity: sha512-sFSe+dGLa4iBblWAhAGTP9moarcbFtFAH6aaCeyqSX51O6p9VPdGjqNtcE8aGbGAk4lO6v1ScRjk5ogMSinJwQ==}
    cpu: [x64]
    os: [freebsd]

  lefthook-linux-arm64@1.6.10:
    resolution: {integrity: sha512-fXnKiNdRIW+FRvc1keVrvWX5EqIhVFfPjcy+PbsKdxiWRXgjtidi6LPmQ8eosH0DC9PxZ0mpdCMf40FHEZLbQA==}
    cpu: [arm64]
    os: [linux]

  lefthook-linux-x64@1.6.10:
    resolution: {integrity: sha512-bm6l2GOFnmYreZxmHb47QeOiFAItttOOxvCEX1okIRD7JbUC+lGC9evW5GJv/ltjZBoTDYEtQAUa+BpHTGuY2A==}
    cpu: [x64]
    os: [linux]

  lefthook-windows-arm64@1.6.10:
    resolution: {integrity: sha512-pFxT8KbOMzGxj6cz4glHYwQSNC7XCuy9RDqIO0AxPlpATsCpapkF4ngDxBT1iFv2VhdeweMa7RXUDsMAGQA4Qw==}
    cpu: [arm64]
    os: [win32]

  lefthook-windows-x64@1.6.10:
    resolution: {integrity: sha512-fcDnUSTv95AdLvm0NIrn3jBWXuRq8SlbDDjkkB5OHLiSmjz4eOr6wyD7xceDp33zZgZmWFzHebJngxxcIaUuHw==}
    cpu: [x64]
    os: [win32]

  lefthook@1.6.10:
    resolution: {integrity: sha512-HeVjsDCrHLe9htQHbLuQJu2YdLK6Tl5bh36fOpmXqckEXTI0BDR0Y5JYc7G5Inj4YXQsc51a9dUDZMeniSnSag==}
    hasBin: true

  lodash.defaults@4.2.0:
    resolution: {integrity: sha512-qjxPLHd3r5DnsdGacqOMU6pb/avJzdh9tFX2ymgoZE27BmjXrNy/y4LoaiTeAb+O3gL8AfpJGtqfX/ae2leYYQ==}

  lodash.isarguments@3.1.0:
    resolution: {integrity: sha512-chi4NHZlZqZD18a0imDHnZPrDeBbTtVN7GXMwuGdRH9qotxAjYs3aVLKc7zNOG9eddR5Ksd8rvFEBc9SsggPpg==}

  magic-bytes.js@1.10.0:
    resolution: {integrity: sha512-/k20Lg2q8LE5xiaaSkMXk4sfvI+9EGEykFS4b0CHHGWqDYU0bGUFSwchNOMA56D7TCs9GwVTkqe9als1/ns8UQ==}

  ms@2.1.2:
    resolution: {integrity: sha512-sGkPx+VjMtmA6MX27oA4FBFELFCZZ4S4XqeGOXCv68tT+jb3vk/RyaKWP0PTKyWtmLSM0b+adUTEvbs1PEaH2w==}

  node-gyp-build@4.8.1:
    resolution: {integrity: sha512-OSs33Z9yWr148JZcbZd5WiAXhh/n9z8TxQcdMhIOlpN9AhWpLfvVFO73+m77bBABQMaY9XSvIa+qk0jlI7Gcaw==}
    hasBin: true

  prom-client@15.1.2:
    resolution: {integrity: sha512-on3h1iXb04QFLLThrmVYg1SChBQ9N1c+nKAjebBjokBqipddH3uxmOUcEkTnzmJ8Jh/5TSUnUqS40i2QB2dJHQ==}
    engines: {node: ^16 || ^18 || >=20}

  redis-errors@1.2.0:
    resolution: {integrity: sha512-1qny3OExCf0UvUV/5wpYKf2YwPcOqXzkwKKSmKHiE6ZMQs5heeE/c8eXK+PNllPvmjgAbfnsbpkGZWy8cBpn9w==}
    engines: {node: '>=4'}

  redis-parser@3.0.0:
    resolution: {integrity: sha512-DJnGAeenTdpMEH6uAJRK/uiyEIH9WVsUmoLwzudwGJUwZPp80PDBWPHXSAGNPwNvIXAbe7MSUB1zQFugFml66A==}
    engines: {node: '>=4'}

  standard-as-callback@2.1.0:
    resolution: {integrity: sha512-qoRRSyROncaz1z0mvYqIE4lCd9p2R90i6GxW3uZv5ucSu8tU7B5HXUP1gG8pVZsYNVaXjk8ClXHPttLyxAL48A==}

  tdigest@0.1.2:
    resolution: {integrity: sha512-+G0LLgjjo9BZX2MfdvPfH+MKLCrxlXSYec5DaPYP1fe6Iyhf0/fSmJ0bFiZ1F8BT6cGXl2LpltQptzjXKWEkKA==}

  tslib@2.6.2:
    resolution: {integrity: sha512-AEYxH93jGFPn/a2iVAwW87VuUIkR1FVUKB77NwMF7nBTDkDrrT/Hpt/IrCJ0QXhW27jTBDcf5ZY7w6RiqTMw2Q==}

  typescript@5.4.5:
    resolution: {integrity: sha512-vcI4UpRgg81oIRUFwR0WSIHKt11nJ7SAVlYNIu+QpqeyXP+gpQJy/Z4+F0aGxSE4MqwjyXvW/TzgkLAx2AGHwQ==}
    engines: {node: '>=14.17'}
    hasBin: true

  undici-types@5.26.5:
    resolution: {integrity: sha512-JlCMO+ehdEIKqlFxk6IfVoAUVmgz7cU7zD/h9XZ0qzeosSHmUJVOzSQvvYSYWXkFXC+IfLKSIffhv0sVZup6pA==}

  undici@5.27.2:
    resolution: {integrity: sha512-iS857PdOEy/y3wlM3yRp+6SNQQ6xU0mmZcwRSriqk+et/cwWAtwmIGf6WkoDN2EK/AMdCO/dfXzIwi+rFMrjjQ==}
    engines: {node: '>=14.0'}

  ws@8.17.0:
    resolution: {integrity: sha512-uJq6108EgZMAl20KagGkzCKfMEjxmKvZHG7Tlq0Z6nOky7YF7aq4mOx6xK8TJ/i1LeK4Qus7INktacctDgY8Ow==}
    engines: {node: '>=10.0.0'}
    peerDependencies:
      bufferutil: ^4.0.1
      utf-8-validate: '>=5.0.2'
    peerDependenciesMeta:
      bufferutil:
        optional: true
      utf-8-validate:
        optional: true

  zod@3.23.6:
    resolution: {integrity: sha512-RTHJlZhsRbuA8Hmp/iNL7jnfc4nZishjsanDAfEY1QpDQZCahUp3xDzl+zfweE9BklxMUcgBgS1b7Lvie/ZVwA==}

snapshots:

  '@biomejs/biome@1.7.2':
    optionalDependencies:
      '@biomejs/cli-darwin-arm64': 1.7.2
      '@biomejs/cli-darwin-x64': 1.7.2
      '@biomejs/cli-linux-arm64': 1.7.2
      '@biomejs/cli-linux-arm64-musl': 1.7.2
      '@biomejs/cli-linux-x64': 1.7.2
      '@biomejs/cli-linux-x64-musl': 1.7.2
      '@biomejs/cli-win32-arm64': 1.7.2
      '@biomejs/cli-win32-x64': 1.7.2

  '@biomejs/cli-darwin-arm64@1.7.2':
    optional: true

  '@biomejs/cli-darwin-x64@1.7.2':
    optional: true

  '@biomejs/cli-linux-arm64-musl@1.7.2':
    optional: true

  '@biomejs/cli-linux-arm64@1.7.2':
    optional: true

  '@biomejs/cli-linux-x64-musl@1.7.2':
    optional: true

  '@biomejs/cli-linux-x64@1.7.2':
    optional: true

  '@biomejs/cli-win32-arm64@1.7.2':
    optional: true

  '@biomejs/cli-win32-x64@1.7.2':
    optional: true

  '@discordjs/brokers@0.2.2':
    dependencies:
      '@msgpack/msgpack': 3.0.0-beta2
      '@vladfrangu/async_event_emitter': 2.2.4
      ioredis: 5.4.1
    transitivePeerDependencies:
      - supports-color

  '@discordjs/collection@2.0.0': {}

  '@discordjs/core@1.1.1(bufferutil@4.0.8)':
    dependencies:
      '@discordjs/rest': 2.2.0
      '@discordjs/util': 1.1.0-dev.1714824206-96169add6
      '@discordjs/ws': 1.0.2(bufferutil@4.0.8)
      '@sapphire/snowflake': 3.5.3
      '@vladfrangu/async_event_emitter': 2.2.4
      discord-api-types: 0.37.61
    transitivePeerDependencies:
      - bufferutil
      - utf-8-validate

  '@discordjs/rest@2.2.0':
    dependencies:
      '@discordjs/collection': 2.0.0
      '@discordjs/util': 1.1.0-dev.1714824206-96169add6
      '@sapphire/async-queue': 1.5.2
      '@sapphire/snowflake': 3.5.3
      '@vladfrangu/async_event_emitter': 2.2.4
      discord-api-types: 0.37.61
      magic-bytes.js: 1.10.0
      tslib: 2.6.2
      undici: 5.27.2

  '@discordjs/util@1.1.0-dev.1714824206-96169add6': {}

  '@discordjs/ws@1.0.2(bufferutil@4.0.8)':
    dependencies:
      '@discordjs/collection': 2.0.0
      '@discordjs/rest': 2.2.0
      '@discordjs/util': 1.1.0-dev.1714824206-96169add6
      '@sapphire/async-queue': 1.5.2
      '@types/ws': 8.5.10
      '@vladfrangu/async_event_emitter': 2.2.4
      discord-api-types: 0.37.61
      tslib: 2.6.2
      ws: 8.17.0(bufferutil@4.0.8)
    transitivePeerDependencies:
      - bufferutil
      - utf-8-validate

  '@discordjs/ws@1.1.0-dev.1714781378-728164ed8(bufferutil@4.0.8)':
    dependencies:
      '@discordjs/collection': 2.0.0
      '@discordjs/rest': 2.2.0
      '@discordjs/util': 1.1.0-dev.1714824206-96169add6
      '@sapphire/async-queue': 1.5.2
      '@types/ws': 8.5.10
      '@vladfrangu/async_event_emitter': 2.2.4
      discord-api-types: 0.37.83
      tslib: 2.6.2
      ws: 8.17.0(bufferutil@4.0.8)
    transitivePeerDependencies:
      - bufferutil
      - utf-8-validate

  '@fastify/busboy@2.1.1': {}

  '@ioredis/commands@1.2.0': {}

  '@msgpack/msgpack@3.0.0-beta2': {}

  '@opentelemetry/api@1.8.0': {}

  '@sapphire/async-queue@1.5.2': {}

  '@sapphire/snowflake@3.5.3': {}

  '@types/node@20.12.8':
    dependencies:
      undici-types: 5.26.5

  '@types/ws@8.5.10':
    dependencies:
      '@types/node': 20.12.8

  '@vladfrangu/async_event_emitter@2.2.4': {}

  bintrees@1.0.2: {}

  bufferutil@4.0.8:
    dependencies:
      node-gyp-build: 4.8.1

  chalk@5.3.0: {}

  cluster-key-slot@1.1.2: {}

  debug@4.3.4:
    dependencies:
      ms: 2.1.2

  denque@2.1.0: {}

  discord-api-types@0.37.61: {}

  discord-api-types@0.37.83: {}

  ioredis@5.4.1:
    dependencies:
      '@ioredis/commands': 1.2.0
      cluster-key-slot: 1.1.2
      debug: 4.3.4
      denque: 2.1.0
      lodash.defaults: 4.2.0
      lodash.isarguments: 3.1.0
      redis-errors: 1.2.0
      redis-parser: 3.0.0
      standard-as-callback: 2.1.0
    transitivePeerDependencies:
      - supports-color

  lefthook-darwin-arm64@1.6.10:
    optional: true

  lefthook-darwin-x64@1.6.10:
    optional: true

  lefthook-freebsd-arm64@1.6.10:
    optional: true

  lefthook-freebsd-x64@1.6.10:
    optional: true

  lefthook-linux-arm64@1.6.10:
    optional: true

  lefthook-linux-x64@1.6.10:
    optional: true

  lefthook-windows-arm64@1.6.10:
    optional: true

  lefthook-windows-x64@1.6.10:
    optional: true

  lefthook@1.6.10:
    optionalDependencies:
      lefthook-darwin-arm64: 1.6.10
      lefthook-darwin-x64: 1.6.10
      lefthook-freebsd-arm64: 1.6.10
      lefthook-freebsd-x64: 1.6.10
      lefthook-linux-arm64: 1.6.10
      lefthook-linux-x64: 1.6.10
      lefthook-windows-arm64: 1.6.10
      lefthook-windows-x64: 1.6.10

  lodash.defaults@4.2.0: {}

  lodash.isarguments@3.1.0: {}

  magic-bytes.js@1.10.0: {}

  ms@2.1.2: {}

  node-gyp-build@4.8.1: {}

  prom-client@15.1.2:
    dependencies:
      '@opentelemetry/api': 1.8.0
      tdigest: 0.1.2

  redis-errors@1.2.0: {}

  redis-parser@3.0.0:
    dependencies:
      redis-errors: 1.2.0

  standard-as-callback@2.1.0: {}

  tdigest@0.1.2:
    dependencies:
      bintrees: 1.0.2

  tslib@2.6.2: {}

  typescript@5.4.5: {}

  undici-types@5.26.5: {}

  undici@5.27.2:
    dependencies:
      '@fastify/busboy': 2.1.1

  ws@8.17.0(bufferutil@4.0.8):
    optionalDependencies:
      bufferutil: 4.0.8

  zod@3.23.6: {}
